
Microsoft Visual Studio Solution File, Format Version 12.00
# Visual Studio Version 17
VisualStudioVersion = 17.4.33122.133
MinimumVisualStudioVersion = 10.0.40219.1
Project("{FAE04EC0-301F-11D3-BF4B-00C04F79EFBC}") = "WebApplication1", "WebApplication1\WebApplication1.csproj", "{EE4274E6-DDEF-4516-9B8A-9578DBD24A69}"
EndProject
Global
	GlobalSection(SolutionConfigurationPlatforms) = preSolution
		Debug|Any CPU = Debug|Any CPU
		Release|Any CPU = Release|Any CPU
	EndGlobalSection
	GlobalSection(ProjectConfigurationPlatforms) = postSolution
		{EE4274E6-DDEF-4516-9B8A-9578DBD24A69}.Debug|Any CPU.ActiveCfg = Debug|Any CPU
		{EE4274E6-DDEF-4516-9B8A-9578DBD24A69}.Debug|Any CPU.Build.0 = Debug|Any CPU
		{EE4274E6-DDEF-4516-9B8A-9578DBD24A69}.Release|Any CPU.ActiveCfg = Release|Any CPU
		{EE4274E6-DDEF-4516-9B8A-9578DBD24A69}.Release|Any CPU.Build.0 = Release|Any CPU
	EndGlobalSection
	GlobalSection(SolutionProperties) = preSolution
		HideSolutionNode = FALSE
	EndGlobalSection
	GlobalSection(ExtensibilityGlobals) = postSolution
		SolutionGuid = {F7C5F6A2-71CF-4DDA-8933-EF0B5845E7B7}
	EndGlobalSection
EndGlobal
